// !$*UTF8*$!
{
	archiveVersion = 1;
	classes = {
	};
	objectVersion = 46;
	objects = {

/* Begin PBXBuildFile section */
		376D85FE1BD0114C00476CD5 /* AppDelegate.swift in Sources */ = {isa = PBXBuildFile; fileRef = 376D85FD1BD0114C00476CD5 /* AppDelegate.swift */; };
		376D86001BD0114C00476CD5 /* ViewController.swift in Sources */ = {isa = PBXBuildFile; fileRef = 376D85FF1BD0114C00476CD5 /* ViewController.swift */; };
		376D86031BD0114C00476CD5 /* Main.storyboard in Resources */ = {isa = PBXBuildFile; fileRef = 376D86011BD0114C00476CD5 /* Main.storyboard */; };
		376D86051BD0114C00476CD5 /* Assets.xcassets in Resources */ = {isa = PBXBuildFile; fileRef = 376D86041BD0114C00476CD5 /* Assets.xcassets */; };
		376D86081BD0114C00476CD5 /* LaunchScreen.storyboard in Resources */ = {isa = PBXBuildFile; fileRef = 376D86061BD0114C00476CD5 /* LaunchScreen.storyboard */; };
		376D86131BD0114C00476CD5 /* DogeSmashTests.swift in Sources */ = {isa = PBXBuildFile; fileRef = 376D86121BD0114C00476CD5 /* DogeSmashTests.swift */; };
		376D861E1BD0114C00476CD5 /* DogeSmashUITests.swift in Sources */ = {isa = PBXBuildFile; fileRef = 376D861D1BD0114C00476CD5 /* DogeSmashUITests.swift */; };
/* End PBXBuildFile section */

/* Begin PBXContainerItemProxy section */
		376D860F1BD0114C00476CD5 /* PBXContainerItemProxy */ = {
			isa = PBXContainerItemProxy;
			containerPortal = 376D85F21BD0114C00476CD5 /* Project object */;
			proxyType = 1;
			remoteGlobalIDString = 376D85F91BD0114C00476CD5;
			remoteInfo = DogeSmash;
		};
		376D861A1BD0114C00476CD5 /* PBXContainerItemProxy */ = {
			isa = PBXContainerItemProxy;
			containerPortal = 376D85F21BD0114C00476CD5 /* Project object */;
			proxyType = 1;
			remoteGlobalIDString = 376D85F91BD0114C00476CD5;
			remoteInfo = DogeSmash;
		};
/* End PBXContainerItemProxy section */

/* Begin PBXFileReference section */
		376D85FA1BD0114C00476CD5 /* DogeSmash.app */ = {isa = PBXFileReference; explicitFileType = wrapper.application; includeInIndex = 0; path = DogeSmash.app; sourceTree = BUILT_PRODUCTS_DIR; };
		376D85FD1BD0114C00476CD5 /* AppDelegate.swift */ = {isa = PBXFileReference; lastKnownFileType = sourcecode.swift; path = AppDelegate.swift; sourceTree = "<group>"; };
		376D85FF1BD0114C00476CD5 /* ViewController.swift */ = {isa = PBXFileReference; lastKnownFileType = sourcecode.swift; path = ViewController.swift; sourceTree = "<group>"; };
		376D86021BD0114C00476CD5 /* Base */ = {isa = PBXFileReference; lastKnownFileType = file.storyboard; name = Base; path = Base.lproj/Main.storyboard; sourceTree = "<group>"; };
		376D86041BD0114C00476CD5 /* Assets.xcassets */ = {isa = PBXFileReference; lastKnownFileType = folder.assetcatalog; path = Assets.xcassets; sourceTree = "<group>"; };
		376D86071BD0114C00476CD5 /* Base */ = {isa = PBXFileReference; lastKnownFileType = file.storyboard; name = Base; path = Base.lproj/LaunchScreen.storyboard; sourceTree = "<group>"; };
		376D86091BD0114C00476CD5 /* Info.plist */ = {isa = PBXFileReference; lastKnownFileType = text.plist.xml; path = Info.plist; sourceTree = "<group>"; };
		376D860E1BD0114C00476CD5 /* DogeSmashTests.xctest */ = {isa = PBXFileReference; explicitFileType = wrapper.cfbundle; includeInIndex = 0; path = DogeSmashTests.xctest; sourceTree = BUILT_PRODUCTS_DIR; };
		376D86121BD0114C00476CD5 /* DogeSmashTests.swift */ = {isa = PBXFileReference; lastKnownFileType = sourcecode.swift; path = DogeSmashTests.swift; sourceTree = "<group>"; };
		376D86141BD0114C00476CD5 /* Info.plist */ = {isa = PBXFileReference; lastKnownFileType = text.plist.xml; path = Info.plist; sourceTree = "<group>"; };
		376D86191BD0114C00476CD5 /* DogeSmashUITests.xctest */ = {isa = PBXFileReference; explicitFileType = wrapper.cfbundle; includeInIndex = 0; path = DogeSmashUITests.xctest; sourceTree = BUILT_PRODUCTS_DIR; };
		376D861D1BD0114C00476CD5 /* DogeSmashUITests.swift */ = {isa = PBXFileReference; lastKnownFileType = sourcecode.swift; path = DogeSmashUITests.swift; sourceTree = "<group>"; };
		376D861F1BD0114C00476CD5 /* Info.plist */ = {isa = PBXFileReference; lastKnownFileType = text.plist.xml; path = Info.plist; sourceTree = "<group>"; };
		376D862B1BD0590800476CD5 /* MyPlayground.playground */ = {isa = PBXFileReference; lastKnownFileType = file.playground; path = MyPlayground.playground; sourceTree = "<group>"; };
/* End PBXFileReference section */

/* Begin PBXFrameworksBuildPhase section */
		376D85F71BD0114C00476CD5 /* Frameworks */ = {
			isa = PBXFrameworksBuildPhase;
			buildActionMask = 2147483647;
			files = (
			);
			runOnlyForDeploymentPostprocessing = 0;
		};
		376D860B1BD0114C00476CD5 /* Frameworks */ = {
			isa = PBXFrameworksBuildPhase;
			buildActionMask = 2147483647;
			files = (
			);
			runOnlyForDeploymentPostprocessing = 0;
		};
		376D86161BD0114C00476CD5 /* Frameworks */ = {
			isa = PBXFrameworksBuildPhase;
			buildActionMask = 2147483647;
			files = (
			);
			runOnlyForDeploymentPostprocessing = 0;
		};
/* End PBXFrameworksBuildPhase section */

/* Begin PBXGroup section */
		376D85F11BD0114C00476CD5 = {
			isa = PBXGroup;
			children = (
				376D85FC1BD0114C00476CD5 /* DogeSmash */,
				376D86111BD0114C00476CD5 /* DogeSmashTests */,
				376D861C1BD0114C00476CD5 /* DogeSmashUITests */,
				376D85FB1BD0114C00476CD5 /* Products */,
			);
			sourceTree = "<group>";
		};
		376D85FB1BD0114C00476CD5 /* Products */ = {
			isa = PBXGroup;
			children = (
				376D85FA1BD0114C00476CD5 /* DogeSmash.app */,
				376D860E1BD0114C00476CD5 /* DogeSmashTests.xctest */,
				376D86191BD0114C00476CD5 /* DogeSmashUITests.xctest */,
			);
			name = Products;
			sourceTree = "<group>";
		};
		376D85FC1BD0114C00476CD5 /* DogeSmash */ = {
			isa = PBXGroup;
			children = (
				376D85FD1BD0114C00476CD5 /* AppDelegate.swift */,
				376D85FF1BD0114C00476CD5 /* ViewController.swift */,
				376D86011BD0114C00476CD5 /* Main.storyboard */,
				376D86041BD0114C00476CD5 /* Assets.xcassets */,
				376D86061BD0114C00476CD5 /* LaunchScreen.storyboard */,
				376D86091BD0114C00476CD5 /* Info.plist */,
				376D862B1BD0590800476CD5 /* MyPlayground.playground */,
			);
			path = DogeSmash;
			sourceTree = "<group>";
		};
		376D86111BD0114C00476CD5 /* DogeSmashTests */ = {
			isa = PBXGroup;
			children = (
				376D86121BD0114C00476CD5 /* DogeSmashTests.swift */,
				376D86141BD0114C00476CD5 /* Info.plist */,
			);
			path = DogeSmashTests;
			sourceTree = "<group>";
		};
		376D861C1BD0114C00476CD5 /* DogeSmashUITests */ = {
			isa = PBXGroup;
			children = (
				376D861D1BD0114C00476CD5 /* DogeSmashUITests.swift */,
				376D861F1BD0114C00476CD5 /* Info.plist */,
			);
			path = DogeSmashUITests;
			sourceTree = "<group>";
		};
/* End PBXGroup section */

/* Begin PBXNativeTarget section */
		376D85F91BD0114C00476CD5 /* DogeSmash */ = {
			isa = PBXNativeTarget;
			buildConfigurationList = 376D86221BD0114C00476CD5 /* Build configuration list for PBXNativeTarget "DogeSmash" */;
			buildPhases = (
				376D85F61BD0114C00476CD5 /* Sources */,
				376D85F71BD0114C00476CD5 /* Frameworks */,
				376D85F81BD0114C00476CD5 /* Resources */,
			);
			buildRules = (
			);
			dependencies = (
			);
			name = DogeSmash;
			productName = DogeSmash;
			productReference = 376D85FA1BD0114C00476CD5 /* DogeSmash.app */;
			productType = "com.apple.product-type.application";
		};
		376D860D1BD0114C00476CD5 /* DogeSmashTests */ = {
			isa = PBXNativeTarget;
			buildConfigurationList = 376D86251BD0114C00476CD5 /* Build configuration list for PBXNativeTarget "DogeSmashTests" */;
			buildPhases = (
				376D860A1BD0114C00476CD5 /* Sources */,
				376D860B1BD0114C00476CD5 /* Frameworks */,
				376D860C1BD0114C00476CD5 /* Resources */,
			);
			buildRules = (
			);
			dependencies = (
				376D86101BD0114C00476CD5 /* PBXTargetDependency */,
			);
			name = DogeSmashTests;
			productName = DogeSmashTests;
			productReference = 376D860E1BD0114C00476CD5 /* DogeSmashTests.xctest */;
			productType = "com.apple.product-type.bundle.unit-test";
		};
		376D86181BD0114C00476CD5 /* DogeSmashUITests */ = {
			isa = PBXNativeTarget;
			buildConfigurationList = 376D86281BD0114C00476CD5 /* Build configuration list for PBXNativeTarget "DogeSmashUITests" */;
			buildPhases = (
				376D86151BD0114C00476CD5 /* Sources */,
				376D86161BD0114C00476CD5 /* Frameworks */,
				376D86171BD0114C00476CD5 /* Resources */,
			);
			buildRules = (
			);
			dependencies = (
				376D861B1BD0114C00476CD5 /* PBXTargetDependency */,
			);
			name = DogeSmashUITests;
			productName = DogeSmashUITests;
			productReference = 376D86191BD0114C00476CD5 /* DogeSmashUITests.xctest */;
			productType = "com.apple.product-type.bundle.ui-testing";
		};
/* End PBXNativeTarget section */

/* Begin PBXProject section */
		376D85F21BD0114C00476CD5 /* Project object */ = {
			isa = PBXProject;
			attributes = {
				LastUpgradeCheck = 0700;
				ORGANIZATIONNAME = Trinity;
				TargetAttributes = {
					376D85F91BD0114C00476CD5 = {
						CreatedOnToolsVersion = 7.0.1;
						DevelopmentTeam = 758G7ZFJ45;
					};
					376D860D1BD0114C00476CD5 = {
						CreatedOnToolsVersion = 7.0.1;
						TestTargetID = 376D85F91BD0114C00476CD5;
					};
					376D86181BD0114C00476CD5 = {
						CreatedOnToolsVersion = 7.0.1;
						TestTargetID = 376D85F91BD0114C00476CD5;
					};
				};
			};
			buildConfigurationList = 376D85F51BD0114C00476CD5 /* Build configuration list for PBXProject "DogeSmash" */;
			compatibilityVersion = "Xcode 3.2";
			developmentRegion = English;
			hasScannedForEncodings = 0;
			knownRegions = (
				en,
				Base,
			);
			mainGroup = 376D85F11BD0114C00476CD5;
			productRefGroup = 376D85FB1BD0114C00476CD5 /* Products */;
			projectDirPath = "";
			projectRoot = "";
			targets = (
				376D85F91BD0114C00476CD5 /* DogeSmash */,
				376D860D1BD0114C00476CD5 /* DogeSmashTests */,
				376D86181BD0114C00476CD5 /* DogeSmashUITests */,
			);
		};
/* End PBXProject section */

/* Begin PBXResourcesBuildPhase section */
		376D85F81BD0114C00476CD5 /* Resources */ = {
			isa = PBXResourcesBuildPhase;
			buildActionMask = 2147483647;
			files = (
				376D86081BD0114C00476CD5 /* LaunchScreen.storyboard in Resources */,
				376D86051BD0114C00476CD5 /* Assets.xcassets in Resources */,
				376D86031BD0114C00476CD5 /* Main.storyboard in Resources */,
			);
			runOnlyForDeploymentPostprocessing = 0;
		};
		376D860C1BD0114C00476CD5 /* Resources */ = {
			isa = PBXResourcesBuildPhase;
			buildActionMask = 2147483647;
			files = (
			);
			runOnlyForDeploymentPostprocessing = 0;
		};
		376D86171BD0114C00476CD5 /* Resources */ = {
			isa = PBXResourcesBuildPhase;
			buildActionMask = 2147483647;
			files = (
			);
			runOnlyForDeploymentPostprocessing = 0;
		};
/* End PBXResourcesBuildPhase section */

/* Begin PBXSourcesBuildPhase section */
		376D85F61BD0114C00476CD5 /* Sources */ = {
			isa = PBXSourcesBuildPhase;
			buildActionMask = 2147483647;
			files = (
				376D86001BD0114C00476CD5 /* ViewController.swift in Sources */,
				376D85FE1BD0114C00476CD5 /* AppDelegate.swift in Sources */,
			);
			runOnlyForDeploymentPostprocessing = 0;
		};
		376D860A1BD0114C00476CD5 /* Sources */ = {
			isa = PBXSourcesBuildPhase;
			buildActionMask = 2147483647;
			files = (
				376D86131BD0114C00476CD5 /* DogeSmashTests.swift in Sources */,
			);
			runOnlyForDeploymentPostprocessing = 0;
		};
		376D86151BD0114C00476CD5 /* Sources */ = {
			isa = PBXSourcesBuildPhase;
			buildActionMask = 2147483647;
			files = (
				376D861E1BD0114C00476CD5 /* DogeSmashUITests.swift in Sources */,
			);
			runOnlyForDeploymentPostprocessing = 0;
		};
/* End PBXSourcesBuildPhase section */

/* Begin PBXTargetDependency section */
		376D86101BD0114C00476CD5 /* PBXTargetDependency */ = {
			isa = PBXTargetDependency;
			target = 376D85F91BD0114C00476CD5 /* DogeSmash */;
			targetProxy = 376D860F1BD0114C00476CD5 /* PBXContainerItemProxy */;
		};
		376D861B1BD0114C00476CD5 /* PBXTargetDependency */ = {
			isa = PBXTargetDependency;
			target = 376D85F91BD0114C00476CD5 /* DogeSmash */;
			targetProxy = 376D861A1BD0114C00476CD5 /* PBXContainerItemProxy */;
		};
/* End PBXTargetDependency section */

/* Begin PBXVariantGroup section */
		376D86011BD0114C00476CD5 /* Main.storyboard */ = {
			isa = PBXVariantGroup;
			children = (
				376D86021BD0114C00476CD5 /* Base */,
			);
			name = Main.storyboard;
			sourceTree = "<group>";
		};
		376D86061BD0114C00476CD5 /* LaunchScreen.storyboard */ = {
			isa = PBXVariantGroup;
			children = (
				376D86071BD0114C00476CD5 /* Base */,
			);
			name = LaunchScreen.storyboard;
			sourceTree = "<group>";
		};
/* End PBXVariantGroup section */

/* Begin XCBuildConfiguration section */
		376D86201BD0114C00476CD5 /* Debug */ = {
			isa = XCBuildConfiguration;
			buildSettings = {
				ALWAYS_SEARCH_USER_PATHS = NO;
				CLANG_CXX_LANGUAGE_STANDARD = "gnu++0x";
				CLANG_CXX_LIBRARY = "libc++";
				CLANG_ENABLE_MODULES = YES;
				CLANG_ENABLE_OBJC_ARC = YES;
				CLANG_WARN_BOOL_CONVERSION = YES;
				CLANG_WARN_CONSTANT_CONVERSION = YES;
				CLANG_WARN_DIRECT_OBJC_ISA_USAGE = YES_ERROR;
				CLANG_WARN_EMPTY_BODY = YES;
				CLANG_WARN_ENUM_CONVERSION = YES;
				CLANG_WARN_INT_CONVERSION = YES;
				CLANG_WARN_OBJC_ROOT_CLASS = YES_ERROR;
				CLANG_WARN_UNREACHABLE_CODE = YES;
				CLANG_WARN__DUPLICATE_METHOD_MATCH = YES;
				"CODE_SIGN_IDENTITY[sdk=iphoneos*]" = "iPhone Developer";
				COPY_PHASE_STRIP = NO;
				DEBUG_INFORMATION_FORMAT = dwarf;
				ENABLE_STRICT_OBJC_MSGSEND = YES;
				ENABLE_TESTABILITY = YES;
				GCC_C_LANGUAGE_STANDARD = gnu99;
				GCC_DYNAMIC_NO_PIC = NO;
				GCC_NO_COMMON_BLOCKS = YES;
				GCC_OPTIMIZATION_LEVEL = 0;
				GCC_PREPROCESSOR_DEFINITIONS = (
					"DEBUG=1",
					"$(inherited)",
				);
				GCC_WARN_64_TO_32_BIT_CONVERSION = YES;
				GCC_WARN_ABOUT_RETURN_TYPE = YES_ERROR;
				GCC_WARN_UNDECLARED_SELECTOR = YES;
				GCC_WARN_UNINITIALIZED_AUTOS = YES_AGGRESSIVE;
				GCC_WARN_UNUSED_FUNCTION = YES;
				GCC_WARN_UNUSED_VARIABLE = YES;
				IPHONEOS_DEPLOYMENT_TARGET = 9.0;
				MTL_ENABLE_DEBUG_INFO = YES;
				ONLY_ACTIVE_ARCH = YES;
				SDKROOT = iphoneos;
				SWIFT_OPTIMIZATION_LEVEL = "-Onone";
			};
			name = Debug;
		};
		376D86211BD0114C00476CD5 /* Release */ = {
			isa = XCBuildConfiguration;
			buildSettings = {
				ALWAYS_SEARCH_USER_PATHS = NO;
				CLANG_CXX_LANGUAGE_STANDARD = "gnu++0x";
				CLANG_CXX_LIBRARY = "libc++";
				CLANG_ENABLE_MODULES = YES;
				CLANG_ENABLE_OBJC_ARC = YES;
				CLANG_WARN_BOOL_CONVERSION = YES;
				CLANG_WARN_CONSTANT_CONVERSION = YES;
				CLANG_WARN_DIRECT_OBJC_ISA_USAGE = YES_ERROR;
				CLANG_WARN_EMPTY_BODY = YES;
				CLANG_WARN_ENUM_CONVERSION = YES;
				CLANG_WARN_INT_CONVERSION = YES;
				CLANG_WARN_OBJC_ROOT_CLASS = YES_ERROR;
				CLANG_WARN_UNREACHABLE_CODE = YES;
				CLANG_WARN__DUPLICATE_METHOD_MATCH = YES;
				"CODE_SIGN_IDENTITY[sdk=iphoneos*]" = "iPhone Developer";
				COPY_PHASE_STRIP = NO;
				DEBUG_INFORMATION_FORMAT = "dwarf-with-dsym";
				ENABLE_NS_ASSERTIONS = NO;
				ENABLE_STRICT_OBJC_MSGSEND = YES;
				GCC_C_LANGUAGE_STANDARD = gnu99;
				GCC_NO_COMMON_BLOCKS = YES;
				GCC_WARN_64_TO_32_BIT_CONVERSION = YES;
				GCC_WARN_ABOUT_RETURN_TYPE = YES_ERROR;
				GCC_WARN_UNDECLARED_SELECTOR = YES;
				GCC_WARN_UNINITIALIZED_AUTOS = YES_AGGRESSIVE;
				GCC_WARN_UNUSED_FUNCTION = YES;
				GCC_WARN_UNUSED_VARIABLE = YES;
				IPHONEOS_DEPLOYMENT_TARGET = 9.0;
				MTL_ENABLE_DEBUG_INFO = NO;
				SDKROOT = iphoneos;
				VALIDATE_PRODUCT = YES;
			};
			name = Release;
		};
		376D86231BD0114C00476CD5 /* Debug */ = {
			isa = XCBuildConfiguration;
			buildSettings = {
				ASSETCATALOG_COMPILER_APPICON_NAME = AppIcon;
				CODE_SIGN_IDENTITY = "iPhone Developer";
				INFOPLIST_FILE = DogeSmash/Info.plist;
				LD_RUNPATH_SEARCH_PATHS = "$(inherited) @executable_path/Frameworks";
				PRODUCT_BUNDLE_IDENTIFIER = xxtri.net.DogeSmash;
				PRODUCT_NAME = "$(TARGET_NAME)";
			};
			name = Debug;
		};
		376D86241BD0114C00476CD5 /* Release */ = {
			isa = XCBuildConfiguration;
			buildSettings = {
				ASSETCATALOG_COMPILER_APPICON_NAME = AppIcon;
				CODE_SIGN_IDENTITY = "iPhone Developer";
				INFOPLIST_FILE = DogeSmash/Info.plist;
				LD_RUNPATH_SEARCH_PATHS = "$(inherited) @executable_path/Frameworks";
				PRODUCT_BUNDLE_IDENTIFIER = xxtri.net.DogeSmash;
				PRODUCT_NAME = "$(TARGET_NAME)";
			};
			name = Release;
		};
		376D86261BD0114C00476CD5 /* Debug */ = {
			isa = XCBuildConfiguration;
			buildSettings = {
				BUNDLE_LOADER = "$(TEST_HOST)";
				INFOPLIST_FILE = DogeSmashTests/Info.plist;
				LD_RUNPATH_SEARCH_PATHS = "$(inherited) @executable_path/Frameworks @loader_path/Frameworks";
				PRODUCT_BUNDLE_IDENTIFIER = xxtri.net.DogeSmashTests;
				PRODUCT_NAME = "$(TARGET_NAME)";
				TEST_HOST = "$(BUILT_PRODUCTS_DIR)/DogeSmash.app/DogeSmash";
			};
			name = Debug;
		};
		376D86271BD0114C00476CD5 /* Release */ = {
			isa = XCBuildConfiguration;
			buildSettings = {
				BUNDLE_LOADER = "$(TEST_HOST)";
				INFOPLIST_FILE = DogeSmashTests/Info.plist;
				LD_RUNPATH_SEARCH_PATHS = "$(inherited) @executable_path/Frameworks @loader_path/Frameworks";
				PRODUCT_BUNDLE_IDENTIFIER = xxtri.net.DogeSmashTests;
				PRODUCT_NAME = "$(TARGET_NAME)";
				TEST_HOST = "$(BUILT_PRODUCTS_DIR)/DogeSmash.app/DogeSmash";
			};
			name = Release;
		};
		376D86291BD0114C00476CD5 /* Debug */ = {
			isa = XCBuildConfiguration;
			buildSettings = {
				INFOPLIST_FILE = DogeSmashUITests/Info.plist;
				LD_RUNPATH_SEARCH_PATHS = "$(inherited) @executable_path/Frameworks @loader_path/Frameworks";
				PRODUCT_BUNDLE_IDENTIFIER = xxtri.net.DogeSmashUITests;
				PRODUCT_NAME = "$(TARGET_NAME)";
				TEST_TARGET_NAME = DogeSmash;
				USES_XCTRUNNER = YES;
			};
			name = Debug;
		};
		376D862A1BD0114C00476CD5 /* Release */ = {
			isa = XCBuildConfiguration;
			buildSettings = {
				INFOPLIST_FILE = DogeSmashUITests/Info.plist;
				LD_RUNPATH_SEARCH_PATHS = "$(inherited) @executable_path/Frameworks @loader_path/Frameworks";
				PRODUCT_BUNDLE_IDENTIFIER = xxtri.net.DogeSmashUITests;
				PRODUCT_NAME = "$(TARGET_NAME)";
				TEST_TARGET_NAME = DogeSmash;
				USES_XCTRUNNER = YES;
			};
			name = Release;
		};
/* End XCBuildConfiguration section */

/* Begin XCConfigurationList section */
		376D85F51BD0114C00476CD5 /* Build configuration list for PBXProject "DogeSmash" */ = {
			isa = XCConfigurationList;
			buildConfigurations = (
				376D86201BD0114C00476CD5 /* Debug */,
				376D86211BD0114C00476CD5 /* Release */,
			);
			defaultConfigurationIsVisible = 0;
			defaultConfigurationName = Release;
		};
		376D86221BD0114C00476CD5 /* Build configuration list for PBXNativeTarget "DogeSmash" */ = {
			isa = XCConfigurationList;
			buildConfigurations = (
				376D86231BD0114C00476CD5 /* Debug */,
				376D86241BD0114C00476CD5 /* Release */,
			);
			defaultConfigurationIsVisible = 0;
			defaultConfigurationName = Release;
		};
		376D86251BD0114C00476CD5 /* Build configuration list for PBXNativeTarget "DogeSmashTests" */ = {
			isa = XCConfigurationList;
			buildConfigurations = (
				376D86261BD0114C00476CD5 /* Debug */,
				376D86271BD0114C00476CD5 /* Release */,
			);
			defaultConfigurationIsVisible = 0;
			defaultConfigurationName = Release;
		};
		376D86281BD0114C00476CD5 /* Build configuration list for PBXNativeTarget "DogeSmashUITests" */ = {
			isa = XCConfigurationList;
			buildConfigurations = (
				376D86291BD0114C00476CD5 /* Debug */,
				376D862A1BD0114C00476CD5 /* Release */,
			);
			defaultConfigurationIsVisible = 0;
			defaultConfigurationName = Release;
		};
/* End XCConfigurationList section */
	};
	rootObject = 376D85F21BD0114C00476CD5 /* Project object */;
}
